
Microsoft Visual Studio Solution File, Format Version 12.00
# Visual Studio Version 17
VisualStudioVersion = 17.8.34330.188
MinimumVisualStudioVersion = 10.0.40219.1
Project("{FAE04EC0-301F-11D3-BF4B-00C04F79EFBC}") = "Mini project API", "Mini project API.csproj", "{64FA7F1A-6110-4D29-8C05-854F65B673FC}"
EndProject
Global
	GlobalSection(SolutionConfigurationPlatforms) = preSolution
		Debug|Any CPU = Debug|Any CPU
		Release|Any CPU = Release|Any CPU
	EndGlobalSection
	GlobalSection(ProjectConfigurationPlatforms) = postSolution
		{64FA7F1A-6110-4D29-8C05-854F65B673FC}.Debug|Any CPU.ActiveCfg = Debug|Any CPU
		{64FA7F1A-6110-4D29-8C05-854F65B673FC}.Debug|Any CPU.Build.0 = Debug|Any CPU
		{64FA7F1A-6110-4D29-8C05-854F65B673FC}.Release|Any CPU.ActiveCfg = Release|Any CPU
		{64FA7F1A-6110-4D29-8C05-854F65B673FC}.Release|Any CPU.Build.0 = Release|Any CPU
	EndGlobalSection
	GlobalSection(SolutionProperties) = preSolution
		HideSolutionNode = FALSE
	EndGlobalSection
	GlobalSection(ExtensibilityGlobals) = postSolution
		SolutionGuid = {218071D8-540C-4DA3-B4DB-C871755EBDFD}
	EndGlobalSection
EndGlobal
